
Microsoft Visual Studio Solution File, Format Version 12.00
# Visual Studio Version 17
VisualStudioVersion = 17.14.36310.24
MinimumVisualStudioVersion = 10.0.40219.1
Project("{FAE04EC0-301F-11D3-BF4B-00C04F79EFBC}") = "BuildHelper", "BuildHelper\BuildHelper.csproj", "{244D3F57-D244-4C04-B5CA-BBFB9063C229}"
EndProject
Project("{FAE04EC0-301F-11D3-BF4B-00C04F79EFBC}") = "LibBuildHelper", "LibBuildHelper\LibBuildHelper.csproj", "{78F1E461-9A08-4DAC-841B-5EF6B5825BA4}"
EndProject
Global
	GlobalSection(SolutionConfigurationPlatforms) = preSolution
		Debug|Any CPU = Debug|Any CPU
		Release|Any CPU = Release|Any CPU
	EndGlobalSection
	GlobalSection(ProjectConfigurationPlatforms) = postSolution
		{244D3F57-D244-4C04-B5CA-BBFB9063C229}.Debug|Any CPU.ActiveCfg = Debug|Any CPU
		{244D3F57-D244-4C04-B5CA-BBFB9063C229}.Debug|Any CPU.Build.0 = Debug|Any CPU
		{244D3F57-D244-4C04-B5CA-BBFB9063C229}.Release|Any CPU.ActiveCfg = Release|Any CPU
		{244D3F57-D244-4C04-B5CA-BBFB9063C229}.Release|Any CPU.Build.0 = Release|Any CPU
		{78F1E461-9A08-4DAC-841B-5EF6B5825BA4}.Debug|Any CPU.ActiveCfg = Debug|Any CPU
		{78F1E461-9A08-4DAC-841B-5EF6B5825BA4}.Debug|Any CPU.Build.0 = Debug|Any CPU
		{78F1E461-9A08-4DAC-841B-5EF6B5825BA4}.Release|Any CPU.ActiveCfg = Release|Any CPU
		{78F1E461-9A08-4DAC-841B-5EF6B5825BA4}.Release|Any CPU.Build.0 = Release|Any CPU
	EndGlobalSection
	GlobalSection(SolutionProperties) = preSolution
		HideSolutionNode = FALSE
	EndGlobalSection
	GlobalSection(ExtensibilityGlobals) = postSolution
		SolutionGuid = {1C4D1831-3E87-4910-8D35-B51C192732E8}
	EndGlobalSection
EndGlobal
